
Microsoft Visual Studio Solution File, Format Version 12.00
# Visual Studio 2012
Project("{2150E333-8FDC-42A3-9474-1A3956D46DE8}") = "source", "source", "{2FC2F03F-C4F2-403A-82B2-6DD31EA80D5C}"
	ProjectSection(SolutionItems) = preProject
		source\GlobalAssemblyInfo.cs = source\GlobalAssemblyInfo.cs
	EndProjectSection
EndProject
Project("{FAE04EC0-301F-11D3-BF4B-00C04F79EFBC}") = "amp.bus", "source\amp.bus\amp.bus.csproj", "{D96A6D2B-E427-406A-BD73-9961447B3557}"
EndProject
Project("{FAE04EC0-301F-11D3-BF4B-00C04F79EFBC}") = "amp.bus.rabbit", "source\amp.bus.rabbit\amp.bus.rabbit.csproj", "{8CB67E8B-14B4-4C67-A23E-5C61EE17C8C2}"
EndProject
Project("{FAE04EC0-301F-11D3-BF4B-00C04F79EFBC}") = "amp.bus.security", "source\amp.bus.security\amp.bus.security.csproj", "{55E3C8AB-52AA-4170-8326-B09F795C9449}"
EndProject
Project("{FAE04EC0-301F-11D3-BF4B-00C04F79EFBC}") = "amp.eventing", "source\amp.eventing\amp.eventing.csproj", "{24D9184A-81B9-4D67-86E4-1B8B4EAB27BB}"
EndProject
Project("{2150E333-8FDC-42A3-9474-1A3956D46DE8}") = "services", "services", "{69DE7173-19BC-44FB-B803-A36FD9D064AB}"
EndProject
Project("{FAE04EC0-301F-11D3-BF4B-00C04F79EFBC}") = "amp.topology.client", "source\services\amp.topology.client\amp.topology.client.csproj", "{57759359-756D-4309-BC23-C3BBA2700974}"
EndProject
Project("{2150E333-8FDC-42A3-9474-1A3956D46DE8}") = "tests", "tests", "{576AB125-5A4B-40F5-A363-E7DB2DF848F5}"
EndProject
Project("{FAE04EC0-301F-11D3-BF4B-00C04F79EFBC}") = "amp.tests", "tests\amp.tests\amp.tests.csproj", "{1553D312-9ABE-42FA-9A25-09BE1AE5EB67}"
EndProject
Project("{FAE04EC0-301F-11D3-BF4B-00C04F79EFBC}") = "amp.rabbit", "source\amp.rabbit\amp.rabbit.csproj", "{1D9A3ED8-779B-4F1B-93F5-837320AF4656}"
EndProject
Project("{FAE04EC0-301F-11D3-BF4B-00C04F79EFBC}") = "amp.commands", "source\amp.commands\amp.commands.csproj", "{61B5D5A6-4B11-4433-BA42-0F96C92C3380}"
EndProject
Project("{FAE04EC0-301F-11D3-BF4B-00C04F79EFBC}") = "amp.commanding", "source\amp.commanding\amp.commanding.csproj", "{93150A91-3D0A-4753-94A4-B6280994A18A}"
EndProject
Global
	GlobalSection(SolutionConfigurationPlatforms) = preSolution
		Debug|Any CPU = Debug|Any CPU
		Release|Any CPU = Release|Any CPU
	EndGlobalSection
	GlobalSection(ProjectConfigurationPlatforms) = postSolution
		{D96A6D2B-E427-406A-BD73-9961447B3557}.Debug|Any CPU.ActiveCfg = Debug|Any CPU
		{D96A6D2B-E427-406A-BD73-9961447B3557}.Debug|Any CPU.Build.0 = Debug|Any CPU
		{D96A6D2B-E427-406A-BD73-9961447B3557}.Release|Any CPU.ActiveCfg = Release|Any CPU
		{D96A6D2B-E427-406A-BD73-9961447B3557}.Release|Any CPU.Build.0 = Release|Any CPU
		{8CB67E8B-14B4-4C67-A23E-5C61EE17C8C2}.Debug|Any CPU.ActiveCfg = Debug|Any CPU
		{8CB67E8B-14B4-4C67-A23E-5C61EE17C8C2}.Debug|Any CPU.Build.0 = Debug|Any CPU
		{8CB67E8B-14B4-4C67-A23E-5C61EE17C8C2}.Release|Any CPU.ActiveCfg = Release|Any CPU
		{8CB67E8B-14B4-4C67-A23E-5C61EE17C8C2}.Release|Any CPU.Build.0 = Release|Any CPU
		{55E3C8AB-52AA-4170-8326-B09F795C9449}.Debug|Any CPU.ActiveCfg = Debug|Any CPU
		{55E3C8AB-52AA-4170-8326-B09F795C9449}.Debug|Any CPU.Build.0 = Debug|Any CPU
		{55E3C8AB-52AA-4170-8326-B09F795C9449}.Release|Any CPU.ActiveCfg = Release|Any CPU
		{55E3C8AB-52AA-4170-8326-B09F795C9449}.Release|Any CPU.Build.0 = Release|Any CPU
		{24D9184A-81B9-4D67-86E4-1B8B4EAB27BB}.Debug|Any CPU.ActiveCfg = Debug|Any CPU
		{24D9184A-81B9-4D67-86E4-1B8B4EAB27BB}.Debug|Any CPU.Build.0 = Debug|Any CPU
		{24D9184A-81B9-4D67-86E4-1B8B4EAB27BB}.Release|Any CPU.ActiveCfg = Release|Any CPU
		{24D9184A-81B9-4D67-86E4-1B8B4EAB27BB}.Release|Any CPU.Build.0 = Release|Any CPU
		{57759359-756D-4309-BC23-C3BBA2700974}.Debug|Any CPU.ActiveCfg = Debug|Any CPU
		{57759359-756D-4309-BC23-C3BBA2700974}.Debug|Any CPU.Build.0 = Debug|Any CPU
		{57759359-756D-4309-BC23-C3BBA2700974}.Release|Any CPU.ActiveCfg = Release|Any CPU
		{57759359-756D-4309-BC23-C3BBA2700974}.Release|Any CPU.Build.0 = Release|Any CPU
		{1553D312-9ABE-42FA-9A25-09BE1AE5EB67}.Debug|Any CPU.ActiveCfg = Debug|Any CPU
		{1553D312-9ABE-42FA-9A25-09BE1AE5EB67}.Debug|Any CPU.Build.0 = Debug|Any CPU
		{1553D312-9ABE-42FA-9A25-09BE1AE5EB67}.Release|Any CPU.ActiveCfg = Release|Any CPU
		{1553D312-9ABE-42FA-9A25-09BE1AE5EB67}.Release|Any CPU.Build.0 = Release|Any CPU
		{1D9A3ED8-779B-4F1B-93F5-837320AF4656}.Debug|Any CPU.ActiveCfg = Debug|Any CPU
		{1D9A3ED8-779B-4F1B-93F5-837320AF4656}.Debug|Any CPU.Build.0 = Debug|Any CPU
		{1D9A3ED8-779B-4F1B-93F5-837320AF4656}.Release|Any CPU.ActiveCfg = Release|Any CPU
		{1D9A3ED8-779B-4F1B-93F5-837320AF4656}.Release|Any CPU.Build.0 = Release|Any CPU
		{61B5D5A6-4B11-4433-BA42-0F96C92C3380}.Debug|Any CPU.ActiveCfg = Debug|Any CPU
		{61B5D5A6-4B11-4433-BA42-0F96C92C3380}.Debug|Any CPU.Build.0 = Debug|Any CPU
		{61B5D5A6-4B11-4433-BA42-0F96C92C3380}.Release|Any CPU.ActiveCfg = Release|Any CPU
		{61B5D5A6-4B11-4433-BA42-0F96C92C3380}.Release|Any CPU.Build.0 = Release|Any CPU
		{93150A91-3D0A-4753-94A4-B6280994A18A}.Debug|Any CPU.ActiveCfg = Debug|Any CPU
		{93150A91-3D0A-4753-94A4-B6280994A18A}.Debug|Any CPU.Build.0 = Debug|Any CPU
		{93150A91-3D0A-4753-94A4-B6280994A18A}.Release|Any CPU.ActiveCfg = Release|Any CPU
		{93150A91-3D0A-4753-94A4-B6280994A18A}.Release|Any CPU.Build.0 = Release|Any CPU
	EndGlobalSection
	GlobalSection(SolutionProperties) = preSolution
		HideSolutionNode = FALSE
	EndGlobalSection
	GlobalSection(NestedProjects) = preSolution
		{D96A6D2B-E427-406A-BD73-9961447B3557} = {2FC2F03F-C4F2-403A-82B2-6DD31EA80D5C}
		{8CB67E8B-14B4-4C67-A23E-5C61EE17C8C2} = {2FC2F03F-C4F2-403A-82B2-6DD31EA80D5C}
		{55E3C8AB-52AA-4170-8326-B09F795C9449} = {2FC2F03F-C4F2-403A-82B2-6DD31EA80D5C}
		{24D9184A-81B9-4D67-86E4-1B8B4EAB27BB} = {2FC2F03F-C4F2-403A-82B2-6DD31EA80D5C}
		{69DE7173-19BC-44FB-B803-A36FD9D064AB} = {2FC2F03F-C4F2-403A-82B2-6DD31EA80D5C}
		{1D9A3ED8-779B-4F1B-93F5-837320AF4656} = {2FC2F03F-C4F2-403A-82B2-6DD31EA80D5C}
		{61B5D5A6-4B11-4433-BA42-0F96C92C3380} = {2FC2F03F-C4F2-403A-82B2-6DD31EA80D5C}
		{93150A91-3D0A-4753-94A4-B6280994A18A} = {2FC2F03F-C4F2-403A-82B2-6DD31EA80D5C}
		{57759359-756D-4309-BC23-C3BBA2700974} = {69DE7173-19BC-44FB-B803-A36FD9D064AB}
		{1553D312-9ABE-42FA-9A25-09BE1AE5EB67} = {576AB125-5A4B-40F5-A363-E7DB2DF848F5}
	EndGlobalSection
	GlobalSection(MonoDevelopProperties) = preSolution
		StartupItem = source\amp.bus\amp.bus.csproj
	EndGlobalSection
EndGlobal
